
Microsoft Visual Studio Solution File, Format Version 12.00
# Visual Studio Version 16
VisualStudioVersion = 16.0.30413.136
MinimumVisualStudioVersion = 10.0.40219.1
Project("{FAE04EC0-301F-11D3-BF4B-00C04F79EFBC}") = "ZiegelCAN", "ZiegelCAN.csproj", "{596333A0-1B8F-405F-8D33-4D6789560541}"
EndProject
Global
	GlobalSection(SolutionConfigurationPlatforms) = preSolution
		Debug|Any CPU = Debug|Any CPU
		Release|Any CPU = Release|Any CPU
	EndGlobalSection
	GlobalSection(ProjectConfigurationPlatforms) = postSolution
		{596333A0-1B8F-405F-8D33-4D6789560541}.Debug|Any CPU.ActiveCfg = Debug|Any CPU
		{596333A0-1B8F-405F-8D33-4D6789560541}.Debug|Any CPU.Build.0 = Debug|Any CPU
		{596333A0-1B8F-405F-8D33-4D6789560541}.Release|Any CPU.ActiveCfg = Release|Any CPU
		{596333A0-1B8F-405F-8D33-4D6789560541}.Release|Any CPU.Build.0 = Release|Any CPU
	EndGlobalSection
	GlobalSection(SolutionProperties) = preSolution
		HideSolutionNode = FALSE
	EndGlobalSection
	GlobalSection(ExtensibilityGlobals) = postSolution
		SolutionGuid = {67B0CB71-E130-4FCC-B73C-AD35C69F8B22}
	EndGlobalSection
EndGlobal
